
Microsoft Visual Studio Solution File, Format Version 12.00
# Visual Studio 15
VisualStudioVersion = 15.0.28307.271
MinimumVisualStudioVersion = 10.0.40219.1
Project("{FAE04EC0-301F-11D3-BF4B-00C04F79EFBC}") = "FriendOrganizer.UI", "FriendOrganizer.UI\FriendOrganizer.UI.csproj", "{3EFCC30C-1D3F-48CC-A2D0-8FE216EB4F69}"
EndProject
Project("{FAE04EC0-301F-11D3-BF4B-00C04F79EFBC}") = "FriendOrganizer.DataAccess", "FriendOrganizer.DataAccess\FriendOrganizer.DataAccess.csproj", "{F5F385B0-3DBB-45F9-917B-7AB573D80A6C}"
EndProject
Project("{FAE04EC0-301F-11D3-BF4B-00C04F79EFBC}") = "FriendOrganizer.Model", "FriendOrganizer.Model\FriendOrganizer.Model.csproj", "{1080C27B-0B46-4D66-91DA-75C63D2A20B6}"
EndProject
Global
	GlobalSection(SolutionConfigurationPlatforms) = preSolution
		Debug|Any CPU = Debug|Any CPU
		Release|Any CPU = Release|Any CPU
	EndGlobalSection
	GlobalSection(ProjectConfigurationPlatforms) = postSolution
		{3EFCC30C-1D3F-48CC-A2D0-8FE216EB4F69}.Debug|Any CPU.ActiveCfg = Debug|Any CPU
		{3EFCC30C-1D3F-48CC-A2D0-8FE216EB4F69}.Debug|Any CPU.Build.0 = Debug|Any CPU
		{3EFCC30C-1D3F-48CC-A2D0-8FE216EB4F69}.Release|Any CPU.ActiveCfg = Release|Any CPU
		{3EFCC30C-1D3F-48CC-A2D0-8FE216EB4F69}.Release|Any CPU.Build.0 = Release|Any CPU
		{F5F385B0-3DBB-45F9-917B-7AB573D80A6C}.Debug|Any CPU.ActiveCfg = Debug|Any CPU
		{F5F385B0-3DBB-45F9-917B-7AB573D80A6C}.Debug|Any CPU.Build.0 = Debug|Any CPU
		{F5F385B0-3DBB-45F9-917B-7AB573D80A6C}.Release|Any CPU.ActiveCfg = Release|Any CPU
		{F5F385B0-3DBB-45F9-917B-7AB573D80A6C}.Release|Any CPU.Build.0 = Release|Any CPU
		{1080C27B-0B46-4D66-91DA-75C63D2A20B6}.Debug|Any CPU.ActiveCfg = Debug|Any CPU
		{1080C27B-0B46-4D66-91DA-75C63D2A20B6}.Debug|Any CPU.Build.0 = Debug|Any CPU
		{1080C27B-0B46-4D66-91DA-75C63D2A20B6}.Release|Any CPU.ActiveCfg = Release|Any CPU
		{1080C27B-0B46-4D66-91DA-75C63D2A20B6}.Release|Any CPU.Build.0 = Release|Any CPU
	EndGlobalSection
	GlobalSection(SolutionProperties) = preSolution
		HideSolutionNode = FALSE
	EndGlobalSection
	GlobalSection(ExtensibilityGlobals) = postSolution
		SolutionGuid = {B4FEF9BF-ABC2-4FE6-BFE7-F576281A2649}
	EndGlobalSection
EndGlobal
